
Microsoft Visual Studio Solution File, Format Version 12.00
# Visual Studio Version 17
VisualStudioVersion = 17.0.31903.59
MinimumVisualStudioVersion = 10.0.40219.1
Project("{2150E333-8FDC-42A3-9474-1A3956D46DE8}") = "src", "src", "{827E0CD3-B72D-47B6-A68D-7590B98EB39B}"
EndProject
Project("{FAE04EC0-301F-11D3-BF4B-00C04F79EFBC}") = "IoTSharp.Edge.Domain", "src\IoTSharp.Edge.Domain\IoTSharp.Edge.Domain.csproj", "{A71E870B-885A-42D4-A63B-04EB2A4629FB}"
EndProject
Project("{FAE04EC0-301F-11D3-BF4B-00C04F79EFBC}") = "IoTSharp.Edge.Application", "src\IoTSharp.Edge.Application\IoTSharp.Edge.Application.csproj", "{300C8979-DEB6-41F9-84FA-FE9AA2969A41}"
EndProject
Project("{FAE04EC0-301F-11D3-BF4B-00C04F79EFBC}") = "IoTSharp.Edge.Infrastructure", "src\IoTSharp.Edge.Infrastructure\IoTSharp.Edge.Infrastructure.csproj", "{A11466A5-8DC6-4F9B-82E2-A8AE697F2C90}"
EndProject
Project("{FAE04EC0-301F-11D3-BF4B-00C04F79EFBC}") = "IoTSharp.Edge", "src\IoTSharp.Edge\IoTSharp.Edge.csproj", "{E1E748CA-693E-4675-BC3C-AF19C479AEC1}"
EndProject
Project("{FAE04EC0-301F-11D3-BF4B-00C04F79EFBC}") = "IoTSharp.Edge.BasicRuntime", "src\IoTSharp.Edge.BasicRuntime\IoTSharp.Edge.BasicRuntime.csproj", "{2480AAE9-6F57-4D21-9C05-08776EC4DF63}"
EndProject
Project("{2150E333-8FDC-42A3-9474-1A3956D46DE8}") = "tests", "tests", "{0AB3BF05-4346-4AA6-1389-037BE0695223}"
EndProject
Project("{FAE04EC0-301F-11D3-BF4B-00C04F79EFBC}") = "IoTSharp.Edge.BasicRuntime.Tests", "tests\IoTSharp.Edge.BasicRuntime.Tests\IoTSharp.Edge.BasicRuntime.Tests.csproj", "{C46D5FDE-8650-4FF5-A95F-AC0AFECA7FF7}"
EndProject
Project("{FAE04EC0-301F-11D3-BF4B-00C04F79EFBC}") = "IoTSharp.Edge.Infrastructure.Tests", "tests\IoTSharp.Edge.Infrastructure.Tests\IoTSharp.Edge.Infrastructure.Tests.csproj", "{E4D15B61-E11A-4696-97A0-3C1A506522C2}"
EndProject
Project("{FAE04EC0-301F-11D3-BF4B-00C04F79EFBC}") = "IoTSharp.Edge.RuntimeExtensions", "src\IoTSharp.Edge.RuntimeExtensions\IoTSharp.Edge.RuntimeExtensions.csproj", "{598F6451-3F61-45E1-988A-91FE6329272E}"
EndProject
Project("{FAE04EC0-301F-11D3-BF4B-00C04F79EFBC}") = "IoTSharp.Edge.DeviceSimulator", "src\IoTSharp.Edge.DeviceSimulator\IoTSharp.Edge.DeviceSimulator.csproj", "{19C1F142-8E6C-48E4-B495-8635EC7B346D}"
EndProject
Global
	GlobalSection(SolutionConfigurationPlatforms) = preSolution
		Debug|Any CPU = Debug|Any CPU
		Debug|x64 = Debug|x64
		Debug|x86 = Debug|x86
		Release|Any CPU = Release|Any CPU
		Release|x64 = Release|x64
		Release|x86 = Release|x86
	EndGlobalSection
	GlobalSection(ProjectConfigurationPlatforms) = postSolution
		{A71E870B-885A-42D4-A63B-04EB2A4629FB}.Debug|Any CPU.ActiveCfg = Debug|Any CPU
		{A71E870B-885A-42D4-A63B-04EB2A4629FB}.Debug|Any CPU.Build.0 = Debug|Any CPU
		{A71E870B-885A-42D4-A63B-04EB2A4629FB}.Debug|x64.ActiveCfg = Debug|Any CPU
		{A71E870B-885A-42D4-A63B-04EB2A4629FB}.Debug|x64.Build.0 = Debug|Any CPU
		{A71E870B-885A-42D4-A63B-04EB2A4629FB}.Debug|x86.ActiveCfg = Debug|Any CPU
		{A71E870B-885A-42D4-A63B-04EB2A4629FB}.Debug|x86.Build.0 = Debug|Any CPU
		{A71E870B-885A-42D4-A63B-04EB2A4629FB}.Release|Any CPU.ActiveCfg = Release|Any CPU
		{A71E870B-885A-42D4-A63B-04EB2A4629FB}.Release|Any CPU.Build.0 = Release|Any CPU
		{A71E870B-885A-42D4-A63B-04EB2A4629FB}.Release|x64.ActiveCfg = Release|Any CPU
		{A71E870B-885A-42D4-A63B-04EB2A4629FB}.Release|x64.Build.0 = Release|Any CPU
		{A71E870B-885A-42D4-A63B-04EB2A4629FB}.Release|x86.ActiveCfg = Release|Any CPU
		{A71E870B-885A-42D4-A63B-04EB2A4629FB}.Release|x86.Build.0 = Release|Any CPU
		{300C8979-DEB6-41F9-84FA-FE9AA2969A41}.Debug|Any CPU.ActiveCfg = Debug|Any CPU
		{300C8979-DEB6-41F9-84FA-FE9AA2969A41}.Debug|Any CPU.Build.0 = Debug|Any CPU
		{300C8979-DEB6-41F9-84FA-FE9AA2969A41}.Debug|x64.ActiveCfg = Debug|Any CPU
		{300C8979-DEB6-41F9-84FA-FE9AA2969A41}.Debug|x64.Build.0 = Debug|Any CPU
		{300C8979-DEB6-41F9-84FA-FE9AA2969A41}.Debug|x86.ActiveCfg = Debug|Any CPU
		{300C8979-DEB6-41F9-84FA-FE9AA2969A41}.Debug|x86.Build.0 = Debug|Any CPU
		{300C8979-DEB6-41F9-84FA-FE9AA2969A41}.Release|Any CPU.ActiveCfg = Release|Any CPU
		{300C8979-DEB6-41F9-84FA-FE9AA2969A41}.Release|Any CPU.Build.0 = Release|Any CPU
		{300C8979-DEB6-41F9-84FA-FE9AA2969A41}.Release|x64.ActiveCfg = Release|Any CPU
		{300C8979-DEB6-41F9-84FA-FE9AA2969A41}.Release|x64.Build.0 = Release|Any CPU
		{300C8979-DEB6-41F9-84FA-FE9AA2969A41}.Release|x86.ActiveCfg = Release|Any CPU
		{300C8979-DEB6-41F9-84FA-FE9AA2969A41}.Release|x86.Build.0 = Release|Any CPU
		{A11466A5-8DC6-4F9B-82E2-A8AE697F2C90}.Debug|Any CPU.ActiveCfg = Debug|Any CPU
		{A11466A5-8DC6-4F9B-82E2-A8AE697F2C90}.Debug|Any CPU.Build.0 = Debug|Any CPU
		{A11466A5-8DC6-4F9B-82E2-A8AE697F2C90}.Debug|x64.ActiveCfg = Debug|Any CPU
		{A11466A5-8DC6-4F9B-82E2-A8AE697F2C90}.Debug|x64.Build.0 = Debug|Any CPU
		{A11466A5-8DC6-4F9B-82E2-A8AE697F2C90}.Debug|x86.ActiveCfg = Debug|Any CPU
		{A11466A5-8DC6-4F9B-82E2-A8AE697F2C90}.Debug|x86.Build.0 = Debug|Any CPU
		{A11466A5-8DC6-4F9B-82E2-A8AE697F2C90}.Release|Any CPU.ActiveCfg = Release|Any CPU
		{A11466A5-8DC6-4F9B-82E2-A8AE697F2C90}.Release|Any CPU.Build.0 = Release|Any CPU
		{A11466A5-8DC6-4F9B-82E2-A8AE697F2C90}.Release|x64.ActiveCfg = Release|Any CPU
		{A11466A5-8DC6-4F9B-82E2-A8AE697F2C90}.Release|x64.Build.0 = Release|Any CPU
		{A11466A5-8DC6-4F9B-82E2-A8AE697F2C90}.Release|x86.ActiveCfg = Release|Any CPU
		{A11466A5-8DC6-4F9B-82E2-A8AE697F2C90}.Release|x86.Build.0 = Release|Any CPU
		{E1E748CA-693E-4675-BC3C-AF19C479AEC1}.Debug|Any CPU.ActiveCfg = Debug|Any CPU
		{E1E748CA-693E-4675-BC3C-AF19C479AEC1}.Debug|Any CPU.Build.0 = Debug|Any CPU
		{E1E748CA-693E-4675-BC3C-AF19C479AEC1}.Debug|x64.ActiveCfg = Debug|Any CPU
		{E1E748CA-693E-4675-BC3C-AF19C479AEC1}.Debug|x64.Build.0 = Debug|Any CPU
		{E1E748CA-693E-4675-BC3C-AF19C479AEC1}.Debug|x86.ActiveCfg = Debug|Any CPU
		{E1E748CA-693E-4675-BC3C-AF19C479AEC1}.Debug|x86.Build.0 = Debug|Any CPU
		{E1E748CA-693E-4675-BC3C-AF19C479AEC1}.Release|Any CPU.ActiveCfg = Release|Any CPU
		{E1E748CA-693E-4675-BC3C-AF19C479AEC1}.Release|Any CPU.Build.0 = Release|Any CPU
		{E1E748CA-693E-4675-BC3C-AF19C479AEC1}.Release|x64.ActiveCfg = Release|Any CPU
		{E1E748CA-693E-4675-BC3C-AF19C479AEC1}.Release|x64.Build.0 = Release|Any CPU
		{E1E748CA-693E-4675-BC3C-AF19C479AEC1}.Release|x86.ActiveCfg = Release|Any CPU
		{E1E748CA-693E-4675-BC3C-AF19C479AEC1}.Release|x86.Build.0 = Release|Any CPU
		{2480AAE9-6F57-4D21-9C05-08776EC4DF63}.Debug|Any CPU.ActiveCfg = Debug|Any CPU
		{2480AAE9-6F57-4D21-9C05-08776EC4DF63}.Debug|Any CPU.Build.0 = Debug|Any CPU
		{2480AAE9-6F57-4D21-9C05-08776EC4DF63}.Debug|x64.ActiveCfg = Debug|Any CPU
		{2480AAE9-6F57-4D21-9C05-08776EC4DF63}.Debug|x64.Build.0 = Debug|Any CPU
		{2480AAE9-6F57-4D21-9C05-08776EC4DF63}.Debug|x86.ActiveCfg = Debug|Any CPU
		{2480AAE9-6F57-4D21-9C05-08776EC4DF63}.Debug|x86.Build.0 = Debug|Any CPU
		{2480AAE9-6F57-4D21-9C05-08776EC4DF63}.Release|Any CPU.ActiveCfg = Release|Any CPU
		{2480AAE9-6F57-4D21-9C05-08776EC4DF63}.Release|Any CPU.Build.0 = Release|Any CPU
		{2480AAE9-6F57-4D21-9C05-08776EC4DF63}.Release|x64.ActiveCfg = Release|Any CPU
		{2480AAE9-6F57-4D21-9C05-08776EC4DF63}.Release|x64.Build.0 = Release|Any CPU
		{2480AAE9-6F57-4D21-9C05-08776EC4DF63}.Release|x86.ActiveCfg = Release|Any CPU
		{2480AAE9-6F57-4D21-9C05-08776EC4DF63}.Release|x86.Build.0 = Release|Any CPU
		{C46D5FDE-8650-4FF5-A95F-AC0AFECA7FF7}.Debug|Any CPU.ActiveCfg = Debug|Any CPU
		{C46D5FDE-8650-4FF5-A95F-AC0AFECA7FF7}.Debug|Any CPU.Build.0 = Debug|Any CPU
		{C46D5FDE-8650-4FF5-A95F-AC0AFECA7FF7}.Debug|x64.ActiveCfg = Debug|Any CPU
		{C46D5FDE-8650-4FF5-A95F-AC0AFECA7FF7}.Debug|x64.Build.0 = Debug|Any CPU
		{C46D5FDE-8650-4FF5-A95F-AC0AFECA7FF7}.Debug|x86.ActiveCfg = Debug|Any CPU
		{C46D5FDE-8650-4FF5-A95F-AC0AFECA7FF7}.Debug|x86.Build.0 = Debug|Any CPU
		{C46D5FDE-8650-4FF5-A95F-AC0AFECA7FF7}.Release|Any CPU.ActiveCfg = Release|Any CPU
		{C46D5FDE-8650-4FF5-A95F-AC0AFECA7FF7}.Release|Any CPU.Build.0 = Release|Any CPU
		{C46D5FDE-8650-4FF5-A95F-AC0AFECA7FF7}.Release|x64.ActiveCfg = Release|Any CPU
		{C46D5FDE-8650-4FF5-A95F-AC0AFECA7FF7}.Release|x64.Build.0 = Release|Any CPU
		{C46D5FDE-8650-4FF5-A95F-AC0AFECA7FF7}.Release|x86.ActiveCfg = Release|Any CPU
		{C46D5FDE-8650-4FF5-A95F-AC0AFECA7FF7}.Release|x86.Build.0 = Release|Any CPU
		{E4D15B61-E11A-4696-97A0-3C1A506522C2}.Debug|Any CPU.ActiveCfg = Debug|Any CPU
		{E4D15B61-E11A-4696-97A0-3C1A506522C2}.Debug|Any CPU.Build.0 = Debug|Any CPU
		{E4D15B61-E11A-4696-97A0-3C1A506522C2}.Debug|x64.ActiveCfg = Debug|Any CPU
		{E4D15B61-E11A-4696-97A0-3C1A506522C2}.Debug|x64.Build.0 = Debug|Any CPU
		{E4D15B61-E11A-4696-97A0-3C1A506522C2}.Debug|x86.ActiveCfg = Debug|Any CPU
		{E4D15B61-E11A-4696-97A0-3C1A506522C2}.Debug|x86.Build.0 = Debug|Any CPU
		{E4D15B61-E11A-4696-97A0-3C1A506522C2}.Release|Any CPU.ActiveCfg = Release|Any CPU
		{E4D15B61-E11A-4696-97A0-3C1A506522C2}.Release|Any CPU.Build.0 = Release|Any CPU
		{E4D15B61-E11A-4696-97A0-3C1A506522C2}.Release|x64.ActiveCfg = Release|Any CPU
		{E4D15B61-E11A-4696-97A0-3C1A506522C2}.Release|x64.Build.0 = Release|Any CPU
		{E4D15B61-E11A-4696-97A0-3C1A506522C2}.Release|x86.ActiveCfg = Release|Any CPU
		{E4D15B61-E11A-4696-97A0-3C1A506522C2}.Release|x86.Build.0 = Release|Any CPU
		{598F6451-3F61-45E1-988A-91FE6329272E}.Debug|Any CPU.ActiveCfg = Debug|Any CPU
		{598F6451-3F61-45E1-988A-91FE6329272E}.Debug|Any CPU.Build.0 = Debug|Any CPU
		{598F6451-3F61-45E1-988A-91FE6329272E}.Debug|x64.ActiveCfg = Debug|Any CPU
		{598F6451-3F61-45E1-988A-91FE6329272E}.Debug|x64.Build.0 = Debug|Any CPU
		{598F6451-3F61-45E1-988A-91FE6329272E}.Debug|x86.ActiveCfg = Debug|Any CPU
		{598F6451-3F61-45E1-988A-91FE6329272E}.Debug|x86.Build.0 = Debug|Any CPU
		{598F6451-3F61-45E1-988A-91FE6329272E}.Release|Any CPU.ActiveCfg = Release|Any CPU
		{598F6451-3F61-45E1-988A-91FE6329272E}.Release|Any CPU.Build.0 = Release|Any CPU
		{598F6451-3F61-45E1-988A-91FE6329272E}.Release|x64.ActiveCfg = Release|Any CPU
		{598F6451-3F61-45E1-988A-91FE6329272E}.Release|x64.Build.0 = Release|Any CPU
		{598F6451-3F61-45E1-988A-91FE6329272E}.Release|x86.ActiveCfg = Release|Any CPU
		{598F6451-3F61-45E1-988A-91FE6329272E}.Release|x86.Build.0 = Release|Any CPU
		{19C1F142-8E6C-48E4-B495-8635EC7B346D}.Debug|Any CPU.ActiveCfg = Debug|Any CPU
		{19C1F142-8E6C-48E4-B495-8635EC7B346D}.Debug|Any CPU.Build.0 = Debug|Any CPU
		{19C1F142-8E6C-48E4-B495-8635EC7B346D}.Debug|x64.ActiveCfg = Debug|Any CPU
		{19C1F142-8E6C-48E4-B495-8635EC7B346D}.Debug|x64.Build.0 = Debug|Any CPU
		{19C1F142-8E6C-48E4-B495-8635EC7B346D}.Debug|x86.ActiveCfg = Debug|Any CPU
		{19C1F142-8E6C-48E4-B495-8635EC7B346D}.Debug|x86.Build.0 = Debug|Any CPU
		{19C1F142-8E6C-48E4-B495-8635EC7B346D}.Release|Any CPU.ActiveCfg = Release|Any CPU
		{19C1F142-8E6C-48E4-B495-8635EC7B346D}.Release|Any CPU.Build.0 = Release|Any CPU
		{19C1F142-8E6C-48E4-B495-8635EC7B346D}.Release|x64.ActiveCfg = Release|Any CPU
		{19C1F142-8E6C-48E4-B495-8635EC7B346D}.Release|x64.Build.0 = Release|Any CPU
		{19C1F142-8E6C-48E4-B495-8635EC7B346D}.Release|x86.ActiveCfg = Release|Any CPU
		{19C1F142-8E6C-48E4-B495-8635EC7B346D}.Release|x86.Build.0 = Release|Any CPU
	EndGlobalSection
	GlobalSection(SolutionProperties) = preSolution
		HideSolutionNode = FALSE
	EndGlobalSection
	GlobalSection(NestedProjects) = preSolution
		{A71E870B-885A-42D4-A63B-04EB2A4629FB} = {827E0CD3-B72D-47B6-A68D-7590B98EB39B}
		{300C8979-DEB6-41F9-84FA-FE9AA2969A41} = {827E0CD3-B72D-47B6-A68D-7590B98EB39B}
		{A11466A5-8DC6-4F9B-82E2-A8AE697F2C90} = {827E0CD3-B72D-47B6-A68D-7590B98EB39B}
		{E1E748CA-693E-4675-BC3C-AF19C479AEC1} = {827E0CD3-B72D-47B6-A68D-7590B98EB39B}
		{2480AAE9-6F57-4D21-9C05-08776EC4DF63} = {827E0CD3-B72D-47B6-A68D-7590B98EB39B}
		{C46D5FDE-8650-4FF5-A95F-AC0AFECA7FF7} = {0AB3BF05-4346-4AA6-1389-037BE0695223}
		{E4D15B61-E11A-4696-97A0-3C1A506522C2} = {0AB3BF05-4346-4AA6-1389-037BE0695223}
		{598F6451-3F61-45E1-988A-91FE6329272E} = {827E0CD3-B72D-47B6-A68D-7590B98EB39B}
		{19C1F142-8E6C-48E4-B495-8635EC7B346D} = {827E0CD3-B72D-47B6-A68D-7590B98EB39B}
	EndGlobalSection
EndGlobal
